// !$*UTF8*$!
{
	archiveVersion = 1;
	classes = {
	};
	objectVersion = 46;
	objects = {

/* Begin PBXBuildFile section */
		2112EA83188AEB97005F1A3F /* Foundation.framework in Frameworks */ = {isa = PBXBuildFile; fileRef = 2112EA82188AEB97005F1A3F /* Foundation.framework */; };
		2112EA85188AEB97005F1A3F /* CoreGraphics.framework in Frameworks */ = {isa = PBXBuildFile; fileRef = 2112EA84188AEB97005F1A3F /* CoreGraphics.framework */; };
		2112EA87188AEB97005F1A3F /* UIKit.framework in Frameworks */ = {isa = PBXBuildFile; fileRef = 2112EA86188AEB97005F1A3F /* UIKit.framework */; };
		2112EA8D188AEB97005F1A3F /* InfoPlist.strings in Resources */ = {isa = PBXBuildFile; fileRef = 2112EA8B188AEB97005F1A3F /* InfoPlist.strings */; };
		2112EA8F188AEB97005F1A3F /* main.m in Sources */ = {isa = PBXBuildFile; fileRef = 2112EA8E188AEB97005F1A3F /* main.m */; };
		2112EA93188AEB97005F1A3F /* AppDelegate.m in Sources */ = {isa = PBXBuildFile; fileRef = 2112EA92188AEB97005F1A3F /* AppDelegate.m */; };
		2112EA95188AEB97005F1A3F /* Images.xcassets in Resources */ = {isa = PBXBuildFile; fileRef = 2112EA94188AEB97005F1A3F /* Images.xcassets */; };
		2112EA9C188AEB97005F1A3F /* XCTest.framework in Frameworks */ = {isa = PBXBuildFile; fileRef = 2112EA9B188AEB97005F1A3F /* XCTest.framework */; };
		2112EA9D188AEB97005F1A3F /* Foundation.framework in Frameworks */ = {isa = PBXBuildFile; fileRef = 2112EA82188AEB97005F1A3F /* Foundation.framework */; };
		2112EA9E188AEB97005F1A3F /* UIKit.framework in Frameworks */ = {isa = PBXBuildFile; fileRef = 2112EA86188AEB97005F1A3F /* UIKit.framework */; };
		2112EAA6188AEB97005F1A3F /* InfoPlist.strings in Resources */ = {isa = PBXBuildFile; fileRef = 2112EAA4188AEB97005F1A3F /* InfoPlist.strings */; };
		2112EAA8188AEB97005F1A3F /* ToDoAppTests.m in Sources */ = {isa = PBXBuildFile; fileRef = 2112EAA7188AEB97005F1A3F /* ToDoAppTests.m */; };
/* End PBXBuildFile section */

/* Begin PBXContainerItemProxy section */
		2112EA9F188AEB97005F1A3F /* PBXContainerItemProxy */ = {
			isa = PBXContainerItemProxy;
			containerPortal = 2112EA77188AEB97005F1A3F /* Project object */;
			proxyType = 1;
			remoteGlobalIDString = 2112EA7E188AEB97005F1A3F;
			remoteInfo = ToDoApp;
		};
/* End PBXContainerItemProxy section */

/* Begin PBXFileReference section */
		2112EA7F188AEB97005F1A3F /* ToDoApp.app */ = {isa = PBXFileReference; explicitFileType = wrapper.application; includeInIndex = 0; path = ToDoApp.app; sourceTree = BUILT_PRODUCTS_DIR; };
		2112EA82188AEB97005F1A3F /* Foundation.framework */ = {isa = PBXFileReference; lastKnownFileType = wrapper.framework; name = Foundation.framework; path = System/Library/Frameworks/Foundation.framework; sourceTree = SDKROOT; };
		2112EA84188AEB97005F1A3F /* CoreGraphics.framework */ = {isa = PBXFileReference; lastKnownFileType = wrapper.framework; name = CoreGraphics.framework; path = System/Library/Frameworks/CoreGraphics.framework; sourceTree = SDKROOT; };
		2112EA86188AEB97005F1A3F /* UIKit.framework */ = {isa = PBXFileReference; lastKnownFileType = wrapper.framework; name = UIKit.framework; path = System/Library/Frameworks/UIKit.framework; sourceTree = SDKROOT; };
		2112EA8A188AEB97005F1A3F /* ToDoApp-Info.plist */ = {isa = PBXFileReference; lastKnownFileType = text.plist.xml; path = "ToDoApp-Info.plist"; sourceTree = "<group>"; };
		2112EA8C188AEB97005F1A3F /* en */ = {isa = PBXFileReference; lastKnownFileType = text.plist.strings; name = en; path = en.lproj/InfoPlist.strings; sourceTree = "<group>"; };
		2112EA8E188AEB97005F1A3F /* main.m */ = {isa = PBXFileReference; lastKnownFileType = sourcecode.c.objc; path = main.m; sourceTree = "<group>"; };
		2112EA90188AEB97005F1A3F /* ToDoApp-Prefix.pch */ = {isa = PBXFileReference; lastKnownFileType = sourcecode.c.h; path = "ToDoApp-Prefix.pch"; sourceTree = "<group>"; };
		2112EA91188AEB97005F1A3F /* AppDelegate.h */ = {isa = PBXFileReference; lastKnownFileType = sourcecode.c.h; path = AppDelegate.h; sourceTree = "<group>"; };
		2112EA92188AEB97005F1A3F /* AppDelegate.m */ = {isa = PBXFileReference; lastKnownFileType = sourcecode.c.objc; path = AppDelegate.m; sourceTree = "<group>"; };
		2112EA94188AEB97005F1A3F /* Images.xcassets */ = {isa = PBXFileReference; lastKnownFileType = folder.assetcatalog; path = Images.xcassets; sourceTree = "<group>"; };
		2112EA9A188AEB97005F1A3F /* ToDoAppTests.xctest */ = {isa = PBXFileReference; explicitFileType = wrapper.cfbundle; includeInIndex = 0; path = ToDoAppTests.xctest; sourceTree = BUILT_PRODUCTS_DIR; };
		2112EA9B188AEB97005F1A3F /* XCTest.framework */ = {isa = PBXFileReference; lastKnownFileType = wrapper.framework; name = XCTest.framework; path = Library/Frameworks/XCTest.framework; sourceTree = DEVELOPER_DIR; };
		2112EAA3188AEB97005F1A3F /* ToDoAppTests-Info.plist */ = {isa = PBXFileReference; lastKnownFileType = text.plist.xml; path = "ToDoAppTests-Info.plist"; sourceTree = "<group>"; };
		2112EAA5188AEB97005F1A3F /* en */ = {isa = PBXFileReference; lastKnownFileType = text.plist.strings; name = en; path = en.lproj/InfoPlist.strings; sourceTree = "<group>"; };
		2112EAA7188AEB97005F1A3F /* ToDoAppTests.m */ = {isa = PBXFileReference; lastKnownFileType = sourcecode.c.objc; path = ToDoAppTests.m; sourceTree = "<group>"; };
/* End PBXFileReference section */

/* Begin PBXFrameworksBuildPhase section */
		2112EA7C188AEB97005F1A3F /* Frameworks */ = {
			isa = PBXFrameworksBuildPhase;
			buildActionMask = 2147483647;
			files = (
				2112EA85188AEB97005F1A3F /* CoreGraphics.framework in Frameworks */,
				2112EA87188AEB97005F1A3F /* UIKit.framework in Frameworks */,
				2112EA83188AEB97005F1A3F /* Foundation.framework in Frameworks */,
			);
			runOnlyForDeploymentPostprocessing = 0;
		};
		2112EA97188AEB97005F1A3F /* Frameworks */ = {
			isa = PBXFrameworksBuildPhase;
			buildActionMask = 2147483647;
			files = (
				2112EA9C188AEB97005F1A3F /* XCTest.framework in Frameworks */,
				2112EA9E188AEB97005F1A3F /* UIKit.framework in Frameworks */,
				2112EA9D188AEB97005F1A3F /* Foundation.framework in Frameworks */,
			);
			runOnlyForDeploymentPostprocessing = 0;
		};
/* End PBXFrameworksBuildPhase section */

/* Begin PBXGroup section */
		2112EA76188AEB97005F1A3F = {
			isa = PBXGroup;
			children = (
				2112EA88188AEB97005F1A3F /* ToDoApp */,
				2112EAA1188AEB97005F1A3F /* ToDoAppTests */,
				2112EA81188AEB97005F1A3F /* Frameworks */,
				2112EA80188AEB97005F1A3F /* Products */,
			);
			sourceTree = "<group>";
		};
		2112EA80188AEB97005F1A3F /* Products */ = {
			isa = PBXGroup;
			children = (
				2112EA7F188AEB97005F1A3F /* ToDoApp.app */,
				2112EA9A188AEB97005F1A3F /* ToDoAppTests.xctest */,
			);
			name = Products;
			sourceTree = "<group>";
		};
		2112EA81188AEB97005F1A3F /* Frameworks */ = {
			isa = PBXGroup;
			children = (
				2112EA82188AEB97005F1A3F /* Foundation.framework */,
				2112EA84188AEB97005F1A3F /* CoreGraphics.framework */,
				2112EA86188AEB97005F1A3F /* UIKit.framework */,
				2112EA9B188AEB97005F1A3F /* XCTest.framework */,
			);
			name = Frameworks;
			sourceTree = "<group>";
		};
		2112EA88188AEB97005F1A3F /* ToDoApp */ = {
			isa = PBXGroup;
			children = (
				2112EA91188AEB97005F1A3F /* AppDelegate.h */,
				2112EA92188AEB97005F1A3F /* AppDelegate.m */,
				2112EA94188AEB97005F1A3F /* Images.xcassets */,
				2112EA89188AEB97005F1A3F /* Supporting Files */,
			);
			path = ToDoApp;
			sourceTree = "<group>";
		};
		2112EA89188AEB97005F1A3F /* Supporting Files */ = {
			isa = PBXGroup;
			children = (
				2112EA8A188AEB97005F1A3F /* ToDoApp-Info.plist */,
				2112EA8B188AEB97005F1A3F /* InfoPlist.strings */,
				2112EA8E188AEB97005F1A3F /* main.m */,
				2112EA90188AEB97005F1A3F /* ToDoApp-Prefix.pch */,
			);
			name = "Supporting Files";
			sourceTree = "<group>";
		};
		2112EAA1188AEB97005F1A3F /* ToDoAppTests */ = {
			isa = PBXGroup;
			children = (
				2112EAA7188AEB97005F1A3F /* ToDoAppTests.m */,
				2112EAA2188AEB97005F1A3F /* Supporting Files */,
			);
			path = ToDoAppTests;
			sourceTree = "<group>";
		};
		2112EAA2188AEB97005F1A3F /* Supporting Files */ = {
			isa = PBXGroup;
			children = (
				2112EAA3188AEB97005F1A3F /* ToDoAppTests-Info.plist */,
				2112EAA4188AEB97005F1A3F /* InfoPlist.strings */,
			);
			name = "Supporting Files";
			sourceTree = "<group>";
		};
/* End PBXGroup section */

/* Begin PBXNativeTarget section */
		2112EA7E188AEB97005F1A3F /* ToDoApp */ = {
			isa = PBXNativeTarget;
			buildConfigurationList = 2112EAAB188AEB97005F1A3F /* Build configuration list for PBXNativeTarget "ToDoApp" */;
			buildPhases = (
				2112EA7B188AEB97005F1A3F /* Sources */,
				2112EA7C188AEB97005F1A3F /* Frameworks */,
				2112EA7D188AEB97005F1A3F /* Resources */,
			);
			buildRules = (
			);
			dependencies = (
			);
			name = ToDoApp;
			productName = ToDoApp;
			productReference = 2112EA7F188AEB97005F1A3F /* ToDoApp.app */;
			productType = "com.apple.product-type.application";
		};
		2112EA99188AEB97005F1A3F /* ToDoAppTests */ = {
			isa = PBXNativeTarget;
			buildConfigurationList = 2112EAAE188AEB97005F1A3F /* Build configuration list for PBXNativeTarget "ToDoAppTests" */;
			buildPhases = (
				2112EA96188AEB97005F1A3F /* Sources */,
				2112EA97188AEB97005F1A3F /* Frameworks */,
				2112EA98188AEB97005F1A3F /* Resources */,
			);
			buildRules = (
			);
			dependencies = (
				2112EAA0188AEB97005F1A3F /* PBXTargetDependency */,
			);
			name = ToDoAppTests;
			productName = ToDoAppTests;
			productReference = 2112EA9A188AEB97005F1A3F /* ToDoAppTests.xctest */;
			productType = "com.apple.product-type.bundle.unit-test";
		};
/* End PBXNativeTarget section */

/* Begin PBXProject section */
		2112EA77188AEB97005F1A3F /* Project object */ = {
			isa = PBXProject;
			attributes = {
				LastUpgradeCheck = 0500;
				ORGANIZATIONNAME = iOSClass;
				TargetAttributes = {
					2112EA99188AEB97005F1A3F = {
						TestTargetID = 2112EA7E188AEB97005F1A3F;
					};
				};
			};
			buildConfigurationList = 2112EA7A188AEB97005F1A3F /* Build configuration list for PBXProject "ToDoApp" */;
			compatibilityVersion = "Xcode 3.2";
			developmentRegion = English;
			hasScannedForEncodings = 0;
			knownRegions = (
				en,
			);
			mainGroup = 2112EA76188AEB97005F1A3F;
			productRefGroup = 2112EA80188AEB97005F1A3F /* Products */;
			projectDirPath = "";
			projectRoot = "";
			targets = (
				2112EA7E188AEB97005F1A3F /* ToDoApp */,
				2112EA99188AEB97005F1A3F /* ToDoAppTests */,
			);
		};
/* End PBXProject section */

/* Begin PBXResourcesBuildPhase section */
		2112EA7D188AEB97005F1A3F /* Resources */ = {
			isa = PBXResourcesBuildPhase;
			buildActionMask = 2147483647;
			files = (
				2112EA8D188AEB97005F1A3F /* InfoPlist.strings in Resources */,
				2112EA95188AEB97005F1A3F /* Images.xcassets in Resources */,
			);
			runOnlyForDeploymentPostprocessing = 0;
		};
		2112EA98188AEB97005F1A3F /* Resources */ = {
			isa = PBXResourcesBuildPhase;
			buildActionMask = 2147483647;
			files = (
				2112EAA6188AEB97005F1A3F /* InfoPlist.strings in Resources */,
			);
			runOnlyForDeploymentPostprocessing = 0;
		};
/* End PBXResourcesBuildPhase section */

/* Begin PBXSourcesBuildPhase section */
		2112EA7B188AEB97005F1A3F /* Sources */ = {
			isa = PBXSourcesBuildPhase;
			buildActionMask = 2147483647;
			files = (
				2112EA93188AEB97005F1A3F /* AppDelegate.m in Sources */,
				2112EA8F188AEB97005F1A3F /* main.m in Sources */,
			);
			runOnlyForDeploymentPostprocessing = 0;
		};
		2112EA96188AEB97005F1A3F /* Sources */ = {
			isa = PBXSourcesBuildPhase;
			buildActionMask = 2147483647;
			files = (
				2112EAA8188AEB97005F1A3F /* ToDoAppTests.m in Sources */,
			);
			runOnlyForDeploymentPostprocessing = 0;
		};
/* End PBXSourcesBuildPhase section */

/* Begin PBXTargetDependency section */
		2112EAA0188AEB97005F1A3F /* PBXTargetDependency */ = {
			isa = PBXTargetDependency;
			target = 2112EA7E188AEB97005F1A3F /* ToDoApp */;
			targetProxy = 2112EA9F188AEB97005F1A3F /* PBXContainerItemProxy */;
		};
/* End PBXTargetDependency section */

/* Begin PBXVariantGroup section */
		2112EA8B188AEB97005F1A3F /* InfoPlist.strings */ = {
			isa = PBXVariantGroup;
			children = (
				2112EA8C188AEB97005F1A3F /* en */,
			);
			name = InfoPlist.strings;
			sourceTree = "<group>";
		};
		2112EAA4188AEB97005F1A3F /* InfoPlist.strings */ = {
			isa = PBXVariantGroup;
			children = (
				2112EAA5188AEB97005F1A3F /* en */,
			);
			name = InfoPlist.strings;
			sourceTree = "<group>";
		};
/* End PBXVariantGroup section */

/* Begin XCBuildConfiguration section */
		2112EAA9188AEB97005F1A3F /* Debug */ = {
			isa = XCBuildConfiguration;
			buildSettings = {
				ALWAYS_SEARCH_USER_PATHS = NO;
				ARCHS = "$(ARCHS_STANDARD_INCLUDING_64_BIT)";
				CLANG_CXX_LANGUAGE_STANDARD = "gnu++0x";
				CLANG_CXX_LIBRARY = "libc++";
				CLANG_ENABLE_MODULES = YES;
				CLANG_ENABLE_OBJC_ARC = YES;
				CLANG_WARN_BOOL_CONVERSION = YES;
				CLANG_WARN_CONSTANT_CONVERSION = YES;
				CLANG_WARN_DIRECT_OBJC_ISA_USAGE = YES_ERROR;
				CLANG_WARN_EMPTY_BODY = YES;
				CLANG_WARN_ENUM_CONVERSION = YES;
				CLANG_WARN_INT_CONVERSION = YES;
				CLANG_WARN_OBJC_ROOT_CLASS = YES_ERROR;
				CLANG_WARN__DUPLICATE_METHOD_MATCH = YES;
				"CODE_SIGN_IDENTITY[sdk=iphoneos*]" = "iPhone Developer";
				COPY_PHASE_STRIP = NO;
				GCC_C_LANGUAGE_STANDARD = gnu99;
				GCC_DYNAMIC_NO_PIC = NO;
				GCC_OPTIMIZATION_LEVEL = 0;
				GCC_PREPROCESSOR_DEFINITIONS = (
					"DEBUG=1",
					"$(inherited)",
				);
				GCC_SYMBOLS_PRIVATE_EXTERN = NO;
				GCC_WARN_64_TO_32_BIT_CONVERSION = YES;
				GCC_WARN_ABOUT_RETURN_TYPE = YES_ERROR;
				GCC_WARN_UNDECLARED_SELECTOR = YES;
				GCC_WARN_UNINITIALIZED_AUTOS = YES;
				GCC_WARN_UNUSED_FUNCTION = YES;
				GCC_WARN_UNUSED_VARIABLE = YES;
				IPHONEOS_DEPLOYMENT_TARGET = 7.0;
				ONLY_ACTIVE_ARCH = YES;
				SDKROOT = iphoneos;
			};
			name = Debug;
		};
		2112EAAA188AEB97005F1A3F /* Release */ = {
			isa = XCBuildConfiguration;
			buildSettings = {
				ALWAYS_SEARCH_USER_PATHS = NO;
				ARCHS = "$(ARCHS_STANDARD_INCLUDING_64_BIT)";
				CLANG_CXX_LANGUAGE_STANDARD = "gnu++0x";
				CLANG_CXX_LIBRARY = "libc++";
				CLANG_ENABLE_MODULES = YES;
				CLANG_ENABLE_OBJC_ARC = YES;
				CLANG_WARN_BOOL_CONVERSION = YES;
				CLANG_WARN_CONSTANT_CONVERSION = YES;
				CLANG_WARN_DIRECT_OBJC_ISA_USAGE = YES_ERROR;
				CLANG_WARN_EMPTY_BODY = YES;
				CLANG_WARN_ENUM_CONVERSION = YES;
				CLANG_WARN_INT_CONVERSION = YES;
				CLANG_WARN_OBJC_ROOT_CLASS = YES_ERROR;
				CLANG_WARN__DUPLICATE_METHOD_MATCH = YES;
				"CODE_SIGN_IDENTITY[sdk=iphoneos*]" = "iPhone Developer";
				COPY_PHASE_STRIP = YES;
				ENABLE_NS_ASSERTIONS = NO;
				GCC_C_LANGUAGE_STANDARD = gnu99;
				GCC_WARN_64_TO_32_BIT_CONVERSION = YES;
				GCC_WARN_ABOUT_RETURN_TYPE = YES_ERROR;
				GCC_WARN_UNDECLARED_SELECTOR = YES;
				GCC_WARN_UNINITIALIZED_AUTOS = YES;
				GCC_WARN_UNUSED_FUNCTION = YES;
				GCC_WARN_UNUSED_VARIABLE = YES;
				IPHONEOS_DEPLOYMENT_TARGET = 7.0;
				SDKROOT = iphoneos;
				VALIDATE_PRODUCT = YES;
			};
			name = Release;
		};
		2112EAAC188AEB97005F1A3F /* Debug */ = {
			isa = XCBuildConfiguration;
			buildSettings = {
				ASSETCATALOG_COMPILER_APPICON_NAME = AppIcon;
				ASSETCATALOG_COMPILER_LAUNCHIMAGE_NAME = LaunchImage;
				GCC_PRECOMPILE_PREFIX_HEADER = YES;
				GCC_PREFIX_HEADER = "ToDoApp/ToDoApp-Prefix.pch";
				INFOPLIST_FILE = "ToDoApp/ToDoApp-Info.plist";
				PRODUCT_NAME = "$(TARGET_NAME)";
				WRAPPER_EXTENSION = app;
			};
			name = Debug;
		};
		2112EAAD188AEB97005F1A3F /* Release */ = {
			isa = XCBuildConfiguration;
			buildSettings = {
				ASSETCATALOG_COMPILER_APPICON_NAME = AppIcon;
				ASSETCATALOG_COMPILER_LAUNCHIMAGE_NAME = LaunchImage;
				GCC_PRECOMPILE_PREFIX_HEADER = YES;
				GCC_PREFIX_HEADER = "ToDoApp/ToDoApp-Prefix.pch";
				INFOPLIST_FILE = "ToDoApp/ToDoApp-Info.plist";
				PRODUCT_NAME = "$(TARGET_NAME)";
				WRAPPER_EXTENSION = app;
			};
			name = Release;
		};
		2112EAAF188AEB97005F1A3F /* Debug */ = {
			isa = XCBuildConfiguration;
			buildSettings = {
				ARCHS = "$(ARCHS_STANDARD_INCLUDING_64_BIT)";
				BUNDLE_LOADER = "$(BUILT_PRODUCTS_DIR)/ToDoApp.app/ToDoApp";
				FRAMEWORK_SEARCH_PATHS = (
					"$(SDKROOT)/Developer/Library/Frameworks",
					"$(inherited)",
					"$(DEVELOPER_FRAMEWORKS_DIR)",
				);
				GCC_PRECOMPILE_PREFIX_HEADER = YES;
				GCC_PREFIX_HEADER = "ToDoApp/ToDoApp-Prefix.pch";
				GCC_PREPROCESSOR_DEFINITIONS = (
					"DEBUG=1",
					"$(inherited)",
				);
				INFOPLIST_FILE = "ToDoAppTests/ToDoAppTests-Info.plist";
				PRODUCT_NAME = "$(TARGET_NAME)";
				TEST_HOST = "$(BUNDLE_LOADER)";
				WRAPPER_EXTENSION = xctest;
			};
			name = Debug;
		};
		2112EAB0188AEB97005F1A3F /* Release */ = {
			isa = XCBuildConfiguration;
			buildSettings = {
				ARCHS = "$(ARCHS_STANDARD_INCLUDING_64_BIT)";
				BUNDLE_LOADER = "$(BUILT_PRODUCTS_DIR)/ToDoApp.app/ToDoApp";
				FRAMEWORK_SEARCH_PATHS = (
					"$(SDKROOT)/Developer/Library/Frameworks",
					"$(inherited)",
					"$(DEVELOPER_FRAMEWORKS_DIR)",
				);
				GCC_PRECOMPILE_PREFIX_HEADER = YES;
				GCC_PREFIX_HEADER = "ToDoApp/ToDoApp-Prefix.pch";
				INFOPLIST_FILE = "ToDoAppTests/ToDoAppTests-Info.plist";
				PRODUCT_NAME = "$(TARGET_NAME)";
				TEST_HOST = "$(BUNDLE_LOADER)";
				WRAPPER_EXTENSION = xctest;
			};
			name = Release;
		};
/* End XCBuildConfiguration section */

/* Begin XCConfigurationList section */
		2112EA7A188AEB97005F1A3F /* Build configuration list for PBXProject "ToDoApp" */ = {
			isa = XCConfigurationList;
			buildConfigurations = (
				2112EAA9188AEB97005F1A3F /* Debug */,
				2112EAAA188AEB97005F1A3F /* Release */,
			);
			defaultConfigurationIsVisible = 0;
			defaultConfigurationName = Release;
		};
		2112EAAB188AEB97005F1A3F /* Build configuration list for PBXNativeTarget "ToDoApp" */ = {
			isa = XCConfigurationList;
			buildConfigurations = (
				2112EAAC188AEB97005F1A3F /* Debug */,
				2112EAAD188AEB97005F1A3F /* Release */,
			);
			defaultConfigurationIsVisible = 0;
		};
		2112EAAE188AEB97005F1A3F /* Build configuration list for PBXNativeTarget "ToDoAppTests" */ = {
			isa = XCConfigurationList;
			buildConfigurations = (
				2112EAAF188AEB97005F1A3F /* Debug */,
				2112EAB0188AEB97005F1A3F /* Release */,
			);
			defaultConfigurationIsVisible = 0;
		};
/* End XCConfigurationList section */
	};
	rootObject = 2112EA77188AEB97005F1A3F /* Project object */;
}
